
Microsoft Visual Studio Solution File, Format Version 11.00
# Visual Studio 2010
Project("{F184B08F-C81C-45F6-A57F-5ABD9991F28F}") = "OrmapTaxlotEditing", "OrmapTaxlotEditing\OrmapTaxlotEditing.vbproj", "{EBBEA746-E8D6-4B83-8AD6-7E43D6389D76}"
EndProject
Project("{54435603-DBB4-11D2-8724-00A0C9A8B90C}") = "OrmapTaxlotEditing_Installation", "OrmapTaxlotEditing_Installation\OrmapTaxlotEditing_Installation.vdproj", "{5E4FF019-B0C0-456E-9A34-A0100128A536}"
EndProject
Global
	GlobalSection(SolutionConfigurationPlatforms) = preSolution
		Debug|Any CPU = Debug|Any CPU
		Release|Any CPU = Release|Any CPU
	EndGlobalSection
	GlobalSection(ProjectConfigurationPlatforms) = postSolution
		{EBBEA746-E8D6-4B83-8AD6-7E43D6389D76}.Debug|Any CPU.ActiveCfg = Release|Any CPU
		{EBBEA746-E8D6-4B83-8AD6-7E43D6389D76}.Debug|Any CPU.Build.0 = Release|Any CPU
		{EBBEA746-E8D6-4B83-8AD6-7E43D6389D76}.Release|Any CPU.ActiveCfg = Release|Any CPU
		{EBBEA746-E8D6-4B83-8AD6-7E43D6389D76}.Release|Any CPU.Build.0 = Release|Any CPU
		{5E4FF019-B0C0-456E-9A34-A0100128A536}.Debug|Any CPU.ActiveCfg = Release
		{5E4FF019-B0C0-456E-9A34-A0100128A536}.Release|Any CPU.ActiveCfg = Release
		{5E4FF019-B0C0-456E-9A34-A0100128A536}.Release|Any CPU.Build.0 = Release
	EndGlobalSection
	GlobalSection(SolutionProperties) = preSolution
		HideSolutionNode = FALSE
	EndGlobalSection
EndGlobal
